
Microsoft Visual Studio Solution File, Format Version 12.00
# Visual Studio Version 17
VisualStudioVersion = 17.10.34928.147
MinimumVisualStudioVersion = 10.0.40219.1
Project("{9A19103F-16F7-4668-BE54-9A1E7A4F7556}") = "DevoraLimeHeros", "DevoraLimeHeros\DevoraLimeHeros.csproj", "{51814E8F-FD9E-4038-8C9C-8946252D370F}"
EndProject
Project("{9A19103F-16F7-4668-BE54-9A1E7A4F7556}") = "DevoraLimeHeros.Application", "DevorLimeHeros.Application\DevoraLimeHeros.Application.csproj", "{09EA9E95-EACF-4ADA-9C59-13D01837D608}"
EndProject
Project("{9A19103F-16F7-4668-BE54-9A1E7A4F7556}") = "DevoraLimeHeros.Domain", "DevoraLime.Domain\DevoraLimeHeros.Domain.csproj", "{DAD134A2-58E5-4352-9E9B-FCCC6F071D21}"
EndProject
Project("{9A19103F-16F7-4668-BE54-9A1E7A4F7556}") = "DevoraLimeHeros.ApplicationTests", "DevoraLimeHeros.ApplicationTests\DevoraLimeHeros.ApplicationTests.csproj", "{2121F728-8A90-4733-8FB0-996BB874E211}"
EndProject
Project("{FAE04EC0-301F-11D3-BF4B-00C04F79EFBC}") = "DevoraLimeHeros.DomainTests", "DevoraLimeHeros.DomainTests\DevoraLimeHeros.DomainTests.csproj", "{5C358BD7-3A99-4316-A2FC-2FCB043BF76E}"
EndProject
Global
	GlobalSection(SolutionConfigurationPlatforms) = preSolution
		Debug|Any CPU = Debug|Any CPU
		Release|Any CPU = Release|Any CPU
	EndGlobalSection
	GlobalSection(ProjectConfigurationPlatforms) = postSolution
		{51814E8F-FD9E-4038-8C9C-8946252D370F}.Debug|Any CPU.ActiveCfg = Debug|Any CPU
		{51814E8F-FD9E-4038-8C9C-8946252D370F}.Debug|Any CPU.Build.0 = Debug|Any CPU
		{51814E8F-FD9E-4038-8C9C-8946252D370F}.Release|Any CPU.ActiveCfg = Release|Any CPU
		{51814E8F-FD9E-4038-8C9C-8946252D370F}.Release|Any CPU.Build.0 = Release|Any CPU
		{09EA9E95-EACF-4ADA-9C59-13D01837D608}.Debug|Any CPU.ActiveCfg = Debug|Any CPU
		{09EA9E95-EACF-4ADA-9C59-13D01837D608}.Debug|Any CPU.Build.0 = Debug|Any CPU
		{09EA9E95-EACF-4ADA-9C59-13D01837D608}.Release|Any CPU.ActiveCfg = Release|Any CPU
		{09EA9E95-EACF-4ADA-9C59-13D01837D608}.Release|Any CPU.Build.0 = Release|Any CPU
		{DAD134A2-58E5-4352-9E9B-FCCC6F071D21}.Debug|Any CPU.ActiveCfg = Debug|Any CPU
		{DAD134A2-58E5-4352-9E9B-FCCC6F071D21}.Debug|Any CPU.Build.0 = Debug|Any CPU
		{DAD134A2-58E5-4352-9E9B-FCCC6F071D21}.Release|Any CPU.ActiveCfg = Release|Any CPU
		{DAD134A2-58E5-4352-9E9B-FCCC6F071D21}.Release|Any CPU.Build.0 = Release|Any CPU
		{2121F728-8A90-4733-8FB0-996BB874E211}.Debug|Any CPU.ActiveCfg = Debug|Any CPU
		{2121F728-8A90-4733-8FB0-996BB874E211}.Debug|Any CPU.Build.0 = Debug|Any CPU
		{2121F728-8A90-4733-8FB0-996BB874E211}.Release|Any CPU.ActiveCfg = Release|Any CPU
		{2121F728-8A90-4733-8FB0-996BB874E211}.Release|Any CPU.Build.0 = Release|Any CPU
		{5C358BD7-3A99-4316-A2FC-2FCB043BF76E}.Debug|Any CPU.ActiveCfg = Debug|Any CPU
		{5C358BD7-3A99-4316-A2FC-2FCB043BF76E}.Debug|Any CPU.Build.0 = Debug|Any CPU
		{5C358BD7-3A99-4316-A2FC-2FCB043BF76E}.Release|Any CPU.ActiveCfg = Release|Any CPU
		{5C358BD7-3A99-4316-A2FC-2FCB043BF76E}.Release|Any CPU.Build.0 = Release|Any CPU
	EndGlobalSection
	GlobalSection(SolutionProperties) = preSolution
		HideSolutionNode = FALSE
	EndGlobalSection
	GlobalSection(ExtensibilityGlobals) = postSolution
		SolutionGuid = {42F73621-1ADD-4B4B-B06E-02F4BBECF2A2}
	EndGlobalSection
EndGlobal
